
Microsoft Visual Studio Solution File, Format Version 12.00
# Visual Studio 15
VisualStudioVersion = 15.0.27703.2042
MinimumVisualStudioVersion = 10.0.40219.1
Project("{9A19103F-16F7-4668-BE54-9A1E7A4F7556}") = "RandevouApiCommunication", "RandevouApiCommunication\RandevouApiCommunication.csproj", "{F79FD726-9913-4188-A8C2-9B8DDA58F31D}"
EndProject
Project("{FAE04EC0-301F-11D3-BF4B-00C04F79EFBC}") = "RandevouApiCommunication.Tests", "RandevouApiCommunication.Tests\RandevouApiCommunication.Tests.csproj", "{4E781645-F307-4C71-AC3E-085B1025C743}"
EndProject
Global
	GlobalSection(SolutionConfigurationPlatforms) = preSolution
		Debug|Any CPU = Debug|Any CPU
		Release|Any CPU = Release|Any CPU
	EndGlobalSection
	GlobalSection(ProjectConfigurationPlatforms) = postSolution
		{F79FD726-9913-4188-A8C2-9B8DDA58F31D}.Debug|Any CPU.ActiveCfg = Debug|Any CPU
		{F79FD726-9913-4188-A8C2-9B8DDA58F31D}.Debug|Any CPU.Build.0 = Debug|Any CPU
		{F79FD726-9913-4188-A8C2-9B8DDA58F31D}.Release|Any CPU.ActiveCfg = Release|Any CPU
		{F79FD726-9913-4188-A8C2-9B8DDA58F31D}.Release|Any CPU.Build.0 = Release|Any CPU
		{4E781645-F307-4C71-AC3E-085B1025C743}.Debug|Any CPU.ActiveCfg = Debug|Any CPU
		{4E781645-F307-4C71-AC3E-085B1025C743}.Debug|Any CPU.Build.0 = Debug|Any CPU
		{4E781645-F307-4C71-AC3E-085B1025C743}.Release|Any CPU.ActiveCfg = Release|Any CPU
		{4E781645-F307-4C71-AC3E-085B1025C743}.Release|Any CPU.Build.0 = Release|Any CPU
	EndGlobalSection
	GlobalSection(SolutionProperties) = preSolution
		HideSolutionNode = FALSE
	EndGlobalSection
	GlobalSection(ExtensibilityGlobals) = postSolution
		SolutionGuid = {37088BFC-8B78-4B28-97B6-B26F025DAE03}
	EndGlobalSection
EndGlobal
